Microsoft Visual Studio Solution File, Format Version 12.00
# Visual Studio 14
VisualStudioVersion = 14.0.23107.0
MinimumVisualStudioVersion = 10.0.40219.1
Project("{2150E333-8FDC-42A3-9474-1A3956D46DE8}") = ".paket", ".paket", "{63297B98-5CED-492C-A5B7-A5B4F73CF142}"
	ProjectSection(SolutionItems) = preProject
		paket.dependencies = paket.dependencies
		paket.lock = paket.lock
	EndProjectSection
EndProject
Project("{2150E333-8FDC-42A3-9474-1A3956D46DE8}") = "docs", "docs", "{A6A6AF7D-D6E3-442D-9B1E-58CC91879BE1}"
EndProject
Project("{F2A71F9B-5D33-465A-A702-920D77279786}") = "RandomArtsBot", "src\RandomArtsBot\RandomArtsBot.fsproj", "{06E2FD01-9A28-4638-BDBE-491A3ECC8F24}"
EndProject
Project("{2150E333-8FDC-42A3-9474-1A3956D46DE8}") = "project", "project", "{BF60BC93-E09B-4E5F-9D85-95A519479D54}"
	ProjectSection(SolutionItems) = preProject
		build.fsx = build.fsx
		README.md = README.md
		RELEASE_NOTES.md = RELEASE_NOTES.md
	EndProjectSection
EndProject
Project("{2150E333-8FDC-42A3-9474-1A3956D46DE8}") = "tools", "tools", "{83F16175-43B1-4C90-A1EE-8E351C33435D}"
	ProjectSection(SolutionItems) = preProject
		docs\tools\generate.fsx = docs\tools\generate.fsx
		docs\tools\templates\template.cshtml = docs\tools\templates\template.cshtml
	EndProjectSection
EndProject
Project("{2150E333-8FDC-42A3-9474-1A3956D46DE8}") = "content", "content", "{8E6D5255-776D-4B61-85F9-73C37AA1FB9A}"
	ProjectSection(SolutionItems) = preProject
		docs\content\index.fsx = docs\content\index.fsx
	EndProjectSection
EndProject
Project("{2150E333-8FDC-42A3-9474-1A3956D46DE8}") = "tests", "tests", "{2F55830D-ABE2-41D4-9904-1AD8FE2EA132}"
EndProject
Project("{F2A71F9B-5D33-465A-A702-920D77279786}") = "RandomArtsBot.Tests", "tests\RandomArtsBot.Tests\RandomArtsBot.Tests.fsproj", "{319A6333-95B8-498C-86D4-480A0D13A1F9}"
EndProject
Project("{FAE04EC0-301F-11D3-BF4B-00C04F79EFBC}") = "RandomArtsBot.Console", "src\RandomArtsBot.Console\RandomArtsBot.Console.csproj", "{1877F49D-4E01-4322-BAB9-E3EDE8CED80D}"
EndProject
Global
	GlobalSection(SolutionConfigurationPlatforms) = preSolution
		Debug|Any CPU = Debug|Any CPU
		Release|Any CPU = Release|Any CPU
	EndGlobalSection
	GlobalSection(ProjectConfigurationPlatforms) = postSolution
		{06E2FD01-9A28-4638-BDBE-491A3ECC8F24}.Debug|Any CPU.ActiveCfg = Debug|Any CPU
		{06E2FD01-9A28-4638-BDBE-491A3ECC8F24}.Debug|Any CPU.Build.0 = Debug|Any CPU
		{06E2FD01-9A28-4638-BDBE-491A3ECC8F24}.Release|Any CPU.ActiveCfg = Release|Any CPU
		{06E2FD01-9A28-4638-BDBE-491A3ECC8F24}.Release|Any CPU.Build.0 = Release|Any CPU
		{319A6333-95B8-498C-86D4-480A0D13A1F9}.Debug|Any CPU.ActiveCfg = Debug|Any CPU
		{319A6333-95B8-498C-86D4-480A0D13A1F9}.Debug|Any CPU.Build.0 = Debug|Any CPU
		{319A6333-95B8-498C-86D4-480A0D13A1F9}.Release|Any CPU.ActiveCfg = Release|Any CPU
		{319A6333-95B8-498C-86D4-480A0D13A1F9}.Release|Any CPU.Build.0 = Release|Any CPU
		{1877F49D-4E01-4322-BAB9-E3EDE8CED80D}.Debug|Any CPU.ActiveCfg = Debug|Any CPU
		{1877F49D-4E01-4322-BAB9-E3EDE8CED80D}.Debug|Any CPU.Build.0 = Debug|Any CPU
		{1877F49D-4E01-4322-BAB9-E3EDE8CED80D}.Release|Any CPU.ActiveCfg = Release|Any CPU
		{1877F49D-4E01-4322-BAB9-E3EDE8CED80D}.Release|Any CPU.Build.0 = Release|Any CPU
	EndGlobalSection
	GlobalSection(SolutionProperties) = preSolution
		HideSolutionNode = FALSE
	EndGlobalSection
	GlobalSection(NestedProjects) = preSolution
		{83F16175-43B1-4C90-A1EE-8E351C33435D} = {A6A6AF7D-D6E3-442D-9B1E-58CC91879BE1}
		{8E6D5255-776D-4B61-85F9-73C37AA1FB9A} = {A6A6AF7D-D6E3-442D-9B1E-58CC91879BE1}
		{319A6333-95B8-498C-86D4-480A0D13A1F9} = {2F55830D-ABE2-41D4-9904-1AD8FE2EA132}
	EndGlobalSection
EndGlobal
